
Microsoft Visual Studio Solution File, Format Version 12.00
# Visual Studio Version 17
VisualStudioVersion = 17.2.32616.157
MinimumVisualStudioVersion = 10.0.40219.1
Project("{FAE04EC0-301F-11D3-BF4B-00C04F79EFBC}") = "ToDoList", "ToDoList\ToDoList.csproj", "{509E74C5-F8FF-4AFB-B4F4-06EA560D79B6}"
EndProject
Global
	GlobalSection(SolutionConfigurationPlatforms) = preSolution
		Debug|Any CPU = Debug|Any CPU
		Release|Any CPU = Release|Any CPU
	EndGlobalSection
	GlobalSection(ProjectConfigurationPlatforms) = postSolution
		{509E74C5-F8FF-4AFB-B4F4-06EA560D79B6}.Debug|Any CPU.ActiveCfg = Debug|Any CPU
		{509E74C5-F8FF-4AFB-B4F4-06EA560D79B6}.Debug|Any CPU.Build.0 = Debug|Any CPU
		{509E74C5-F8FF-4AFB-B4F4-06EA560D79B6}.Release|Any CPU.ActiveCfg = Release|Any CPU
		{509E74C5-F8FF-4AFB-B4F4-06EA560D79B6}.Release|Any CPU.Build.0 = Release|Any CPU
	EndGlobalSection
	GlobalSection(SolutionProperties) = preSolution
		HideSolutionNode = FALSE
	EndGlobalSection
	GlobalSection(ExtensibilityGlobals) = postSolution
		SolutionGuid = {D342DEF7-46C2-4200-A648-DAE984D46AD3}
	EndGlobalSection
EndGlobal
